{
    "name": "zwyyy456.mariana-sublime",
    "version": "0.1.0",
    "lockfileVersion": 3,
    "requires": true,
    "packages": {
        "": {
            "name": "zwyyy456.mariana-sublime",
            "version": "0.1.0",
            "engines": {
                "vscode": "^1.64.0"
            }
        }
    }
}
